// !$*UTF8*$!
{
	archiveVersion = 1;
	classes = {
	};
	objectVersion = 46;
	objects = {

/* Begin PBXBuildFile section */
		BF7484DB1E7B6DA7002A945A /* Metal.framework in Frameworks */ = {isa = PBXBuildFile; fileRef = BF7484DA1E7B6DA7002A945A /* Metal.framework */; };
		BF7484DD1E7B6DA7002A945A /* MetalKit.framework in Frameworks */ = {isa = PBXBuildFile; fileRef = BF7484DC1E7B6DA7002A945A /* MetalKit.framework */; };
		BF7484DF1E7B6DA7002A945A /* ModelIO.framework in Frameworks */ = {isa = PBXBuildFile; fileRef = BF7484DE1E7B6DA7002A945A /* ModelIO.framework */; };
		BF7484E21E7B6DA7002A945A /* AppDelegate.swift in Sources */ = {isa = PBXBuildFile; fileRef = BF7484E11E7B6DA7002A945A /* AppDelegate.swift */; };
		BF7484E41E7B6DA7002A945A /* GameViewController.swift in Sources */ = {isa = PBXBuildFile; fileRef = BF7484E31E7B6DA7002A945A /* GameViewController.swift */; };
		BF7484E61E7B6DA7002A945A /* Shaders.metal in Sources */ = {isa = PBXBuildFile; fileRef = BF7484E51E7B6DA7002A945A /* Shaders.metal */; };
		BF7484E91E7B6DA7002A945A /* Main.storyboard in Resources */ = {isa = PBXBuildFile; fileRef = BF7484E71E7B6DA7002A945A /* Main.storyboard */; };
		BF7484EB1E7B6DA7002A945A /* Assets.xcassets in Resources */ = {isa = PBXBuildFile; fileRef = BF7484EA1E7B6DA7002A945A /* Assets.xcassets */; };
		BF7484EE1E7B6DA7002A945A /* LaunchScreen.storyboard in Resources */ = {isa = PBXBuildFile; fileRef = BF7484EC1E7B6DA7002A945A /* LaunchScreen.storyboard */; };
		BF7484F91E7B6DA7002A945A /* MetalDemoTests.swift in Sources */ = {isa = PBXBuildFile; fileRef = BF7484F81E7B6DA7002A945A /* MetalDemoTests.swift */; };
		BF7485041E7B6DA7002A945A /* MetalDemoUITests.swift in Sources */ = {isa = PBXBuildFile; fileRef = BF7485031E7B6DA7002A945A /* MetalDemoUITests.swift */; };
/* End PBXBuildFile section */

/* Begin PBXContainerItemProxy section */
		BF7484F51E7B6DA7002A945A /* PBXContainerItemProxy */ = {
			isa = PBXContainerItemProxy;
			containerPortal = BF7484CF1E7B6DA7002A945A /* Project object */;
			proxyType = 1;
			remoteGlobalIDString = BF7484D61E7B6DA7002A945A;
			remoteInfo = MetalDemo;
		};
		BF7485001E7B6DA7002A945A /* PBXContainerItemProxy */ = {
			isa = PBXContainerItemProxy;
			containerPortal = BF7484CF1E7B6DA7002A945A /* Project object */;
			proxyType = 1;
			remoteGlobalIDString = BF7484D61E7B6DA7002A945A;
			remoteInfo = MetalDemo;
		};
/* End PBXContainerItemProxy section */

/* Begin PBXFileReference section */
		BF7484D71E7B6DA7002A945A /* MetalDemo.app */ = {isa = PBXFileReference; explicitFileType = wrapper.application; includeInIndex = 0; path = MetalDemo.app; sourceTree = BUILT_PRODUCTS_DIR; };
		BF7484DA1E7B6DA7002A945A /* Metal.framework */ = {isa = PBXFileReference; lastKnownFileType = wrapper.framework; name = Metal.framework; path = System/Library/Frameworks/Metal.framework; sourceTree = SDKROOT; };
		BF7484DC1E7B6DA7002A945A /* MetalKit.framework */ = {isa = PBXFileReference; lastKnownFileType = wrapper.framework; name = MetalKit.framework; path = System/Library/Frameworks/MetalKit.framework; sourceTree = SDKROOT; };
		BF7484DE1E7B6DA7002A945A /* ModelIO.framework */ = {isa = PBXFileReference; lastKnownFileType = wrapper.framework; name = ModelIO.framework; path = System/Library/Frameworks/ModelIO.framework; sourceTree = SDKROOT; };
		BF7484E11E7B6DA7002A945A /* AppDelegate.swift */ = {isa = PBXFileReference; lastKnownFileType = sourcecode.swift; path = AppDelegate.swift; sourceTree = "<group>"; };
		BF7484E31E7B6DA7002A945A /* GameViewController.swift */ = {isa = PBXFileReference; lastKnownFileType = sourcecode.swift; path = GameViewController.swift; sourceTree = "<group>"; };
		BF7484E51E7B6DA7002A945A /* Shaders.metal */ = {isa = PBXFileReference; lastKnownFileType = sourcecode.metal; path = Shaders.metal; sourceTree = "<group>"; };
		BF7484E81E7B6DA7002A945A /* Base */ = {isa = PBXFileReference; lastKnownFileType = file.storyboard; name = Base; path = Base.lproj/Main.storyboard; sourceTree = "<group>"; };
		BF7484EA1E7B6DA7002A945A /* Assets.xcassets */ = {isa = PBXFileReference; lastKnownFileType = folder.assetcatalog; path = Assets.xcassets; sourceTree = "<group>"; };
		BF7484ED1E7B6DA7002A945A /* Base */ = {isa = PBXFileReference; lastKnownFileType = file.storyboard; name = Base; path = Base.lproj/LaunchScreen.storyboard; sourceTree = "<group>"; };
		BF7484EF1E7B6DA7002A945A /* Info.plist */ = {isa = PBXFileReference; lastKnownFileType = text.plist.xml; path = Info.plist; sourceTree = "<group>"; };
		BF7484F41E7B6DA7002A945A /* MetalDemoTests.xctest */ = {isa = PBXFileReference; explicitFileType = wrapper.cfbundle; includeInIndex = 0; path = MetalDemoTests.xctest; sourceTree = BUILT_PRODUCTS_DIR; };
		BF7484F81E7B6DA7002A945A /* MetalDemoTests.swift */ = {isa = PBXFileReference; lastKnownFileType = sourcecode.swift; path = MetalDemoTests.swift; sourceTree = "<group>"; };
		BF7484FA1E7B6DA7002A945A /* Info.plist */ = {isa = PBXFileReference; lastKnownFileType = text.plist.xml; path = Info.plist; sourceTree = "<group>"; };
		BF7484FF1E7B6DA7002A945A /* MetalDemoUITests.xctest */ = {isa = PBXFileReference; explicitFileType = wrapper.cfbundle; includeInIndex = 0; path = MetalDemoUITests.xctest; sourceTree = BUILT_PRODUCTS_DIR; };
		BF7485031E7B6DA7002A945A /* MetalDemoUITests.swift */ = {isa = PBXFileReference; lastKnownFileType = sourcecode.swift; path = MetalDemoUITests.swift; sourceTree = "<group>"; };
		BF7485051E7B6DA7002A945A /* Info.plist */ = {isa = PBXFileReference; lastKnownFileType = text.plist.xml; path = Info.plist; sourceTree = "<group>"; };
/* End PBXFileReference section */

/* Begin PBXFrameworksBuildPhase section */
		BF7484D41E7B6DA7002A945A /* Frameworks */ = {
			isa = PBXFrameworksBuildPhase;
			buildActionMask = 2147483647;
			files = (
				BF7484DF1E7B6DA7002A945A /* ModelIO.framework in Frameworks */,
				BF7484DB1E7B6DA7002A945A /* Metal.framework in Frameworks */,
				BF7484DD1E7B6DA7002A945A /* MetalKit.framework in Frameworks */,
			);
			runOnlyForDeploymentPostprocessing = 0;
		};
		BF7484F11E7B6DA7002A945A /* Frameworks */ = {
			isa = PBXFrameworksBuildPhase;
			buildActionMask = 2147483647;
			files = (
			);
			runOnlyForDeploymentPostprocessing = 0;
		};
		BF7484FC1E7B6DA7002A945A /* Frameworks */ = {
			isa = PBXFrameworksBuildPhase;
			buildActionMask = 2147483647;
			files = (
			);
			runOnlyForDeploymentPostprocessing = 0;
		};
/* End PBXFrameworksBuildPhase section */

/* Begin PBXGroup section */
		BF7484CE1E7B6DA7002A945A = {
			isa = PBXGroup;
			children = (
				BF7484E01E7B6DA7002A945A /* MetalDemo */,
				BF7484F71E7B6DA7002A945A /* MetalDemoTests */,
				BF7485021E7B6DA7002A945A /* MetalDemoUITests */,
				BF7484D91E7B6DA7002A945A /* Frameworks */,
				BF7484D81E7B6DA7002A945A /* Products */,
			);
			sourceTree = "<group>";
		};
		BF7484D81E7B6DA7002A945A /* Products */ = {
			isa = PBXGroup;
			children = (
				BF7484D71E7B6DA7002A945A /* MetalDemo.app */,
				BF7484F41E7B6DA7002A945A /* MetalDemoTests.xctest */,
				BF7484FF1E7B6DA7002A945A /* MetalDemoUITests.xctest */,
			);
			name = Products;
			sourceTree = "<group>";
		};
		BF7484D91E7B6DA7002A945A /* Frameworks */ = {
			isa = PBXGroup;
			children = (
				BF7484DA1E7B6DA7002A945A /* Metal.framework */,
				BF7484DC1E7B6DA7002A945A /* MetalKit.framework */,
				BF7484DE1E7B6DA7002A945A /* ModelIO.framework */,
			);
			name = Frameworks;
			sourceTree = "<group>";
		};
		BF7484E01E7B6DA7002A945A /* MetalDemo */ = {
			isa = PBXGroup;
			children = (
				BF7484E11E7B6DA7002A945A /* AppDelegate.swift */,
				BF7484E31E7B6DA7002A945A /* GameViewController.swift */,
				BF7484E51E7B6DA7002A945A /* Shaders.metal */,
				BF7484E71E7B6DA7002A945A /* Main.storyboard */,
				BF7484EA1E7B6DA7002A945A /* Assets.xcassets */,
				BF7484EC1E7B6DA7002A945A /* LaunchScreen.storyboard */,
				BF7484EF1E7B6DA7002A945A /* Info.plist */,
			);
			path = MetalDemo;
			sourceTree = "<group>";
		};
		BF7484F71E7B6DA7002A945A /* MetalDemoTests */ = {
			isa = PBXGroup;
			children = (
				BF7484F81E7B6DA7002A945A /* MetalDemoTests.swift */,
				BF7484FA1E7B6DA7002A945A /* Info.plist */,
			);
			path = MetalDemoTests;
			sourceTree = "<group>";
		};
		BF7485021E7B6DA7002A945A /* MetalDemoUITests */ = {
			isa = PBXGroup;
			children = (
				BF7485031E7B6DA7002A945A /* MetalDemoUITests.swift */,
				BF7485051E7B6DA7002A945A /* Info.plist */,
			);
			path = MetalDemoUITests;
			sourceTree = "<group>";
		};
/* End PBXGroup section */

/* Begin PBXNativeTarget section */
		BF7484D61E7B6DA7002A945A /* MetalDemo */ = {
			isa = PBXNativeTarget;
			buildConfigurationList = BF7485081E7B6DA7002A945A /* Build configuration list for PBXNativeTarget "MetalDemo" */;
			buildPhases = (
				BF7484D31E7B6DA7002A945A /* Sources */,
				BF7484D41E7B6DA7002A945A /* Frameworks */,
				BF7484D51E7B6DA7002A945A /* Resources */,
			);
			buildRules = (
			);
			dependencies = (
			);
			name = MetalDemo;
			productName = MetalDemo;
			productReference = BF7484D71E7B6DA7002A945A /* MetalDemo.app */;
			productType = "com.apple.product-type.application";
		};
		BF7484F31E7B6DA7002A945A /* MetalDemoTests */ = {
			isa = PBXNativeTarget;
			buildConfigurationList = BF74850B1E7B6DA7002A945A /* Build configuration list for PBXNativeTarget "MetalDemoTests" */;
			buildPhases = (
				BF7484F01E7B6DA7002A945A /* Sources */,
				BF7484F11E7B6DA7002A945A /* Frameworks */,
				BF7484F21E7B6DA7002A945A /* Resources */,
			);
			buildRules = (
			);
			dependencies = (
				BF7484F61E7B6DA7002A945A /* PBXTargetDependency */,
			);
			name = MetalDemoTests;
			productName = MetalDemoTests;
			productReference = BF7484F41E7B6DA7002A945A /* MetalDemoTests.xctest */;
			productType = "com.apple.product-type.bundle.unit-test";
		};
		BF7484FE1E7B6DA7002A945A /* MetalDemoUITests */ = {
			isa = PBXNativeTarget;
			buildConfigurationList = BF74850E1E7B6DA7002A945A /* Build configuration list for PBXNativeTarget "MetalDemoUITests" */;
			buildPhases = (
				BF7484FB1E7B6DA7002A945A /* Sources */,
				BF7484FC1E7B6DA7002A945A /* Frameworks */,
				BF7484FD1E7B6DA7002A945A /* Resources */,
			);
			buildRules = (
			);
			dependencies = (
				BF7485011E7B6DA7002A945A /* PBXTargetDependency */,
			);
			name = MetalDemoUITests;
			productName = MetalDemoUITests;
			productReference = BF7484FF1E7B6DA7002A945A /* MetalDemoUITests.xctest */;
			productType = "com.apple.product-type.bundle.ui-testing";
		};
/* End PBXNativeTarget section */

/* Begin PBXProject section */
		BF7484CF1E7B6DA7002A945A /* Project object */ = {
			isa = PBXProject;
			attributes = {
				LastSwiftUpdateCheck = 0820;
				LastUpgradeCheck = 0820;
				ORGANIZATIONNAME = com.greenEarth;
				TargetAttributes = {
					BF7484D61E7B6DA7002A945A = {
						CreatedOnToolsVersion = 8.2.1;
						DevelopmentTeam = YFFVURF2K7;
						ProvisioningStyle = Automatic;
					};
					BF7484F31E7B6DA7002A945A = {
						CreatedOnToolsVersion = 8.2.1;
						DevelopmentTeam = YFFVURF2K7;
						ProvisioningStyle = Automatic;
						TestTargetID = BF7484D61E7B6DA7002A945A;
					};
					BF7484FE1E7B6DA7002A945A = {
						CreatedOnToolsVersion = 8.2.1;
						DevelopmentTeam = YFFVURF2K7;
						ProvisioningStyle = Automatic;
						TestTargetID = BF7484D61E7B6DA7002A945A;
					};
				};
			};
			buildConfigurationList = BF7484D21E7B6DA7002A945A /* Build configuration list for PBXProject "MetalDemo" */;
			compatibilityVersion = "Xcode 3.2";
			developmentRegion = English;
			hasScannedForEncodings = 0;
			knownRegions = (
				en,
				Base,
			);
			mainGroup = BF7484CE1E7B6DA7002A945A;
			productRefGroup = BF7484D81E7B6DA7002A945A /* Products */;
			projectDirPath = "";
			projectRoot = "";
			targets = (
				BF7484D61E7B6DA7002A945A /* MetalDemo */,
				BF7484F31E7B6DA7002A945A /* MetalDemoTests */,
				BF7484FE1E7B6DA7002A945A /* MetalDemoUITests */,
			);
		};
/* End PBXProject section */

/* Begin PBXResourcesBuildPhase section */
		BF7484D51E7B6DA7002A945A /* Resources */ = {
			isa = PBXResourcesBuildPhase;
			buildActionMask = 2147483647;
			files = (
				BF7484EE1E7B6DA7002A945A /* LaunchScreen.storyboard in Resources */,
				BF7484EB1E7B6DA7002A945A /* Assets.xcassets in Resources */,
				BF7484E91E7B6DA7002A945A /* Main.storyboard in Resources */,
			);
			runOnlyForDeploymentPostprocessing = 0;
		};
		BF7484F21E7B6DA7002A945A /* Resources */ = {
			isa = PBXResourcesBuildPhase;
			buildActionMask = 2147483647;
			files = (
			);
			runOnlyForDeploymentPostprocessing = 0;
		};
		BF7484FD1E7B6DA7002A945A /* Resources */ = {
			isa = PBXResourcesBuildPhase;
			buildActionMask = 2147483647;
			files = (
			);
			runOnlyForDeploymentPostprocessing = 0;
		};
/* End PBXResourcesBuildPhase section */

/* Begin PBXSourcesBuildPhase section */
		BF7484D31E7B6DA7002A945A /* Sources */ = {
			isa = PBXSourcesBuildPhase;
			buildActionMask = 2147483647;
			files = (
				BF7484E61E7B6DA7002A945A /* Shaders.metal in Sources */,
				BF7484E41E7B6DA7002A945A /* GameViewController.swift in Sources */,
				BF7484E21E7B6DA7002A945A /* AppDelegate.swift in Sources */,
			);
			runOnlyForDeploymentPostprocessing = 0;
		};
		BF7484F01E7B6DA7002A945A /* Sources */ = {
			isa = PBXSourcesBuildPhase;
			buildActionMask = 2147483647;
			files = (
				BF7484F91E7B6DA7002A945A /* MetalDemoTests.swift in Sources */,
			);
			runOnlyForDeploymentPostprocessing = 0;
		};
		BF7484FB1E7B6DA7002A945A /* Sources */ = {
			isa = PBXSourcesBuildPhase;
			buildActionMask = 2147483647;
			files = (
				BF7485041E7B6DA7002A945A /* MetalDemoUITests.swift in Sources */,
			);
			runOnlyForDeploymentPostprocessing = 0;
		};
/* End PBXSourcesBuildPhase section */

/* Begin PBXTargetDependency section */
		BF7484F61E7B6DA7002A945A /* PBXTargetDependency */ = {
			isa = PBXTargetDependency;
			target = BF7484D61E7B6DA7002A945A /* MetalDemo */;
			targetProxy = BF7484F51E7B6DA7002A945A /* PBXContainerItemProxy */;
		};
		BF7485011E7B6DA7002A945A /* PBXTargetDependency */ = {
			isa = PBXTargetDependency;
			target = BF7484D61E7B6DA7002A945A /* MetalDemo */;
			targetProxy = BF7485001E7B6DA7002A945A /* PBXContainerItemProxy */;
		};
/* End PBXTargetDependency section */

/* Begin PBXVariantGroup section */
		BF7484E71E7B6DA7002A945A /* Main.storyboard */ = {
			isa = PBXVariantGroup;
			children = (
				BF7484E81E7B6DA7002A945A /* Base */,
			);
			name = Main.storyboard;
			sourceTree = "<group>";
		};
		BF7484EC1E7B6DA7002A945A /* LaunchScreen.storyboard */ = {
			isa = PBXVariantGroup;
			children = (
				BF7484ED1E7B6DA7002A945A /* Base */,
			);
			name = LaunchScreen.storyboard;
			sourceTree = "<group>";
		};
/* End PBXVariantGroup section */

/* Begin XCBuildConfiguration section */
		BF7485061E7B6DA7002A945A /* Debug */ = {
			isa = XCBuildConfiguration;
			buildSettings = {
				ALWAYS_SEARCH_USER_PATHS = NO;
				CLANG_ANALYZER_NONNULL = YES;
				CLANG_CXX_LANGUAGE_STANDARD = "gnu++0x";
				CLANG_CXX_LIBRARY = "libc++";
				CLANG_ENABLE_MODULES = YES;
				CLANG_ENABLE_OBJC_ARC = YES;
				CLANG_WARN_BOOL_CONVERSION = YES;
				CLANG_WARN_CONSTANT_CONVERSION = YES;
				CLANG_WARN_DIRECT_OBJC_ISA_USAGE = YES_ERROR;
				CLANG_WARN_DOCUMENTATION_COMMENTS = YES;
				CLANG_WARN_EMPTY_BODY = YES;
				CLANG_WARN_ENUM_CONVERSION = YES;
				CLANG_WARN_INFINITE_RECURSION = YES;
				CLANG_WARN_INT_CONVERSION = YES;
				CLANG_WARN_OBJC_ROOT_CLASS = YES_ERROR;
				CLANG_WARN_SUSPICIOUS_MOVE = YES;
				CLANG_WARN_UNREACHABLE_CODE = YES;
				CLANG_WARN__DUPLICATE_METHOD_MATCH = YES;
				"CODE_SIGN_IDENTITY[sdk=iphoneos*]" = "iPhone Developer";
				COPY_PHASE_STRIP = NO;
				DEBUG_INFORMATION_FORMAT = dwarf;
				ENABLE_STRICT_OBJC_MSGSEND = YES;
				ENABLE_TESTABILITY = YES;
				GCC_C_LANGUAGE_STANDARD = gnu99;
				GCC_DYNAMIC_NO_PIC = NO;
				GCC_NO_COMMON_BLOCKS = YES;
				GCC_OPTIMIZATION_LEVEL = 0;
				GCC_PREPROCESSOR_DEFINITIONS = (
					"DEBUG=1",
					"$(inherited)",
				);
				GCC_WARN_64_TO_32_BIT_CONVERSION = YES;
				GCC_WARN_ABOUT_RETURN_TYPE = YES_ERROR;
				GCC_WARN_UNDECLARED_SELECTOR = YES;
				GCC_WARN_UNINITIALIZED_AUTOS = YES_AGGRESSIVE;
				GCC_WARN_UNUSED_FUNCTION = YES;
				GCC_WARN_UNUSED_VARIABLE = YES;
				IPHONEOS_DEPLOYMENT_TARGET = 10.2;
				MTL_ENABLE_DEBUG_INFO = YES;
				ONLY_ACTIVE_ARCH = YES;
				SDKROOT = iphoneos;
				SWIFT_ACTIVE_COMPILATION_CONDITIONS = DEBUG;
				SWIFT_OPTIMIZATION_LEVEL = "-Onone";
				TARGETED_DEVICE_FAMILY = "1,2";
			};
			name = Debug;
		};
		BF7485071E7B6DA7002A945A /* Release */ = {
			isa = XCBuildConfiguration;
			buildSettings = {
				ALWAYS_SEARCH_USER_PATHS = NO;
				CLANG_ANALYZER_NONNULL = YES;
				CLANG_CXX_LANGUAGE_STANDARD = "gnu++0x";
				CLANG_CXX_LIBRARY = "libc++";
				CLANG_ENABLE_MODULES = YES;
				CLANG_ENABLE_OBJC_ARC = YES;
				CLANG_WARN_BOOL_CONVERSION = YES;
				CLANG_WARN_CONSTANT_CONVERSION = YES;
				CLANG_WARN_DIRECT_OBJC_ISA_USAGE = YES_ERROR;
				CLANG_WARN_DOCUMENTATION_COMMENTS = YES;
				CLANG_WARN_EMPTY_BODY = YES;
				CLANG_WARN_ENUM_CONVERSION = YES;
				CLANG_WARN_INFINITE_RECURSION = YES;
				CLANG_WARN_INT_CONVERSION = YES;
				CLANG_WARN_OBJC_ROOT_CLASS = YES_ERROR;
				CLANG_WARN_SUSPICIOUS_MOVE = YES;
				CLANG_WARN_UNREACHABLE_CODE = YES;
				CLANG_WARN__DUPLICATE_METHOD_MATCH = YES;
				"CODE_SIGN_IDENTITY[sdk=iphoneos*]" = "iPhone Developer";
				COPY_PHASE_STRIP = NO;
				DEBUG_INFORMATION_FORMAT = "dwarf-with-dsym";
				ENABLE_NS_ASSERTIONS = NO;
				ENABLE_STRICT_OBJC_MSGSEND = YES;
				GCC_C_LANGUAGE_STANDARD = gnu99;
				GCC_NO_COMMON_BLOCKS = YES;
				GCC_WARN_64_TO_32_BIT_CONVERSION = YES;
				GCC_WARN_ABOUT_RETURN_TYPE = YES_ERROR;
				GCC_WARN_UNDECLARED_SELECTOR = YES;
				GCC_WARN_UNINITIALIZED_AUTOS = YES_AGGRESSIVE;
				GCC_WARN_UNUSED_FUNCTION = YES;
				GCC_WARN_UNUSED_VARIABLE = YES;
				IPHONEOS_DEPLOYMENT_TARGET = 10.2;
				MTL_ENABLE_DEBUG_INFO = NO;
				SDKROOT = iphoneos;
				SWIFT_OPTIMIZATION_LEVEL = "-Owholemodule";
				TARGETED_DEVICE_FAMILY = "1,2";
				VALIDATE_PRODUCT = YES;
			};
			name = Release;
		};
		BF7485091E7B6DA7002A945A /* Debug */ = {
			isa = XCBuildConfiguration;
			buildSettings = {
				ASSETCATALOG_COMPILER_APPICON_NAME = AppIcon;
				DEVELOPMENT_TEAM = YFFVURF2K7;
				INFOPLIST_FILE = MetalDemo/Info.plist;
				IPHONEOS_DEPLOYMENT_TARGET = 9.0;
				LD_RUNPATH_SEARCH_PATHS = "$(inherited) @executable_path/Frameworks";
				PRODUCT_BUNDLE_IDENTIFIER = com.greenEarth.MetalDemo;
				PRODUCT_NAME = "$(TARGET_NAME)";
				SWIFT_VERSION = 3.0;
			};
			name = Debug;
		};
		BF74850A1E7B6DA7002A945A /* Release */ = {
			isa = XCBuildConfiguration;
			buildSettings = {
				ASSETCATALOG_COMPILER_APPICON_NAME = AppIcon;
				DEVELOPMENT_TEAM = YFFVURF2K7;
				INFOPLIST_FILE = MetalDemo/Info.plist;
				IPHONEOS_DEPLOYMENT_TARGET = 9.0;
				LD_RUNPATH_SEARCH_PATHS = "$(inherited) @executable_path/Frameworks";
				PRODUCT_BUNDLE_IDENTIFIER = com.greenEarth.MetalDemo;
				PRODUCT_NAME = "$(TARGET_NAME)";
				SWIFT_VERSION = 3.0;
			};
			name = Release;
		};
		BF74850C1E7B6DA7002A945A /* Debug */ = {
			isa = XCBuildConfiguration;
			buildSettings = {
				ALWAYS_EMBED_SWIFT_STANDARD_LIBRARIES = YES;
				BUNDLE_LOADER = "$(TEST_HOST)";
				DEVELOPMENT_TEAM = YFFVURF2K7;
				INFOPLIST_FILE = MetalDemoTests/Info.plist;
				LD_RUNPATH_SEARCH_PATHS = "$(inherited) @executable_path/Frameworks @loader_path/Frameworks";
				PRODUCT_BUNDLE_IDENTIFIER = com.greenEarth.MetalDemoTests;
				PRODUCT_NAME = "$(TARGET_NAME)";
				SWIFT_VERSION = 3.0;
				TEST_HOST = "$(BUILT_PRODUCTS_DIR)/MetalDemo.app/MetalDemo";
			};
			name = Debug;
		};
		BF74850D1E7B6DA7002A945A /* Release */ = {
			isa = XCBuildConfiguration;
			buildSettings = {
				ALWAYS_EMBED_SWIFT_STANDARD_LIBRARIES = YES;
				BUNDLE_LOADER = "$(TEST_HOST)";
				DEVELOPMENT_TEAM = YFFVURF2K7;
				INFOPLIST_FILE = MetalDemoTests/Info.plist;
				LD_RUNPATH_SEARCH_PATHS = "$(inherited) @executable_path/Frameworks @loader_path/Frameworks";
				PRODUCT_BUNDLE_IDENTIFIER = com.greenEarth.MetalDemoTests;
				PRODUCT_NAME = "$(TARGET_NAME)";
				SWIFT_VERSION = 3.0;
				TEST_HOST = "$(BUILT_PRODUCTS_DIR)/MetalDemo.app/MetalDemo";
			};
			name = Release;
		};
		BF74850F1E7B6DA7002A945A /* Debug */ = {
			isa = XCBuildConfiguration;
			buildSettings = {
				ALWAYS_EMBED_SWIFT_STANDARD_LIBRARIES = YES;
				DEVELOPMENT_TEAM = YFFVURF2K7;
				INFOPLIST_FILE = MetalDemoUITests/Info.plist;
				LD_RUNPATH_SEARCH_PATHS = "$(inherited) @executable_path/Frameworks @loader_path/Frameworks";
				PRODUCT_BUNDLE_IDENTIFIER = com.greenEarth.MetalDemoUITests;
				PRODUCT_NAME = "$(TARGET_NAME)";
				SWIFT_VERSION = 3.0;
				TEST_TARGET_NAME = MetalDemo;
			};
			name = Debug;
		};
		BF7485101E7B6DA7002A945A /* Release */ = {
			isa = XCBuildConfiguration;
			buildSettings = {
				ALWAYS_EMBED_SWIFT_STANDARD_LIBRARIES = YES;
				DEVELOPMENT_TEAM = YFFVURF2K7;
				INFOPLIST_FILE = MetalDemoUITests/Info.plist;
				LD_RUNPATH_SEARCH_PATHS = "$(inherited) @executable_path/Frameworks @loader_path/Frameworks";
				PRODUCT_BUNDLE_IDENTIFIER = com.greenEarth.MetalDemoUITests;
				PRODUCT_NAME = "$(TARGET_NAME)";
				SWIFT_VERSION = 3.0;
				TEST_TARGET_NAME = MetalDemo;
			};
			name = Release;
		};
/* End XCBuildConfiguration section */

/* Begin XCConfigurationList section */
		BF7484D21E7B6DA7002A945A /* Build configuration list for PBXProject "MetalDemo" */ = {
			isa = XCConfigurationList;
			buildConfigurations = (
				BF7485061E7B6DA7002A945A /* Debug */,
				BF7485071E7B6DA7002A945A /* Release */,
			);
			defaultConfigurationIsVisible = 0;
			defaultConfigurationName = Release;
		};
		BF7485081E7B6DA7002A945A /* Build configuration list for PBXNativeTarget "MetalDemo" */ = {
			isa = XCConfigurationList;
			buildConfigurations = (
				BF7485091E7B6DA7002A945A /* Debug */,
				BF74850A1E7B6DA7002A945A /* Release */,
			);
			defaultConfigurationIsVisible = 0;
		};
		BF74850B1E7B6DA7002A945A /* Build configuration list for PBXNativeTarget "MetalDemoTests" */ = {
			isa = XCConfigurationList;
			buildConfigurations = (
				BF74850C1E7B6DA7002A945A /* Debug */,
				BF74850D1E7B6DA7002A945A /* Release */,
			);
			defaultConfigurationIsVisible = 0;
		};
		BF74850E1E7B6DA7002A945A /* Build configuration list for PBXNativeTarget "MetalDemoUITests" */ = {
			isa = XCConfigurationList;
			buildConfigurations = (
				BF74850F1E7B6DA7002A945A /* Debug */,
				BF7485101E7B6DA7002A945A /* Release */,
			);
			defaultConfigurationIsVisible = 0;
		};
/* End XCConfigurationList section */
	};
	rootObject = BF7484CF1E7B6DA7002A945A /* Project object */;
}
