// !$*UTF8*$!
{
	archiveVersion = 1;
	classes = {
	};
	objectVersion = 46;
	objects = {

/* Begin PBXBuildFile section */
		1C087E441D49A84C00374C89 /* main.m in Sources */ = {isa = PBXBuildFile; fileRef = 1C087E431D49A84C00374C89 /* main.m */; };
		1C087E471D49A84C00374C89 /* AppDelegate.m in Sources */ = {isa = PBXBuildFile; fileRef = 1C087E461D49A84C00374C89 /* AppDelegate.m */; };
		1C087E4D1D49A84C00374C89 /* Main.storyboard in Resources */ = {isa = PBXBuildFile; fileRef = 1C087E4B1D49A84C00374C89 /* Main.storyboard */; };
		1C087E4F1D49A84C00374C89 /* Assets.xcassets in Resources */ = {isa = PBXBuildFile; fileRef = 1C087E4E1D49A84C00374C89 /* Assets.xcassets */; };
		1C087E521D49A84C00374C89 /* LaunchScreen.storyboard in Resources */ = {isa = PBXBuildFile; fileRef = 1C087E501D49A84C00374C89 /* LaunchScreen.storyboard */; };
		1C087E5D1D49A84C00374C89 /* staffOCTests.m in Sources */ = {isa = PBXBuildFile; fileRef = 1C087E5C1D49A84C00374C89 /* staffOCTests.m */; };
		1C087E681D49A84C00374C89 /* staffOCUITests.m in Sources */ = {isa = PBXBuildFile; fileRef = 1C087E671D49A84C00374C89 /* staffOCUITests.m */; };
		1C087E7F1D49A92100374C89 /* GBApi.m in Sources */ = {isa = PBXBuildFile; fileRef = 1C087E7A1D49A92100374C89 /* GBApi.m */; };
		1C087E801D49A92100374C89 /* GBManager.m in Sources */ = {isa = PBXBuildFile; fileRef = 1C087E7C1D49A92100374C89 /* GBManager.m */; };
		1C087E841D49AB2400374C89 /* MainMenuViewController.m in Sources */ = {isa = PBXBuildFile; fileRef = 1C087E831D49AB2400374C89 /* MainMenuViewController.m */; };
		1C087E871D49AC3500374C89 /* HomePageViewController.m in Sources */ = {isa = PBXBuildFile; fileRef = 1C087E861D49AC3500374C89 /* HomePageViewController.m */; };
		1C087E8A1D49AC5C00374C89 /* BaseViewController.m in Sources */ = {isa = PBXBuildFile; fileRef = 1C087E891D49AC5C00374C89 /* BaseViewController.m */; };
		1C087E8E1D49CD9200374C89 /* Zjson.m in Sources */ = {isa = PBXBuildFile; fileRef = 1C087E8D1D49CD9200374C89 /* Zjson.m */; };
		1C087E951D4A04E900374C89 /* ProjectModel.m in Sources */ = {isa = PBXBuildFile; fileRef = 1C087E941D4A04E900374C89 /* ProjectModel.m */; };
		1C087E991D4A07B600374C89 /* HomePageCell.m in Sources */ = {isa = PBXBuildFile; fileRef = 1C087E981D4A07B600374C89 /* HomePageCell.m */; };
		1C087E9C1D4A08C700374C89 /* UITableView+Extension.m in Sources */ = {isa = PBXBuildFile; fileRef = 1C087E9B1D4A08C700374C89 /* UITableView+Extension.m */; };
		1C38C6B11D65BAC700DC6E22 /* Manager.m in Sources */ = {isa = PBXBuildFile; fileRef = 1C38C6B01D65BAC700DC6E22 /* Manager.m */; };
		7353D05B8AB4F98DFE14A7F7 /* libPods.a in Frameworks */ = {isa = PBXBuildFile; fileRef = EC93C93EF50D6405A8A17BFB /* libPods.a */; };
/* End PBXBuildFile section */

/* Begin PBXContainerItemProxy section */
		1C087E591D49A84C00374C89 /* PBXContainerItemProxy */ = {
			isa = PBXContainerItemProxy;
			containerPortal = 1C087E371D49A84C00374C89 /* Project object */;
			proxyType = 1;
			remoteGlobalIDString = 1C087E3E1D49A84C00374C89;
			remoteInfo = staffOC;
		};
		1C087E641D49A84C00374C89 /* PBXContainerItemProxy */ = {
			isa = PBXContainerItemProxy;
			containerPortal = 1C087E371D49A84C00374C89 /* Project object */;
			proxyType = 1;
			remoteGlobalIDString = 1C087E3E1D49A84C00374C89;
			remoteInfo = staffOC;
		};
/* End PBXContainerItemProxy section */

/* Begin PBXFileReference section */
		1C087E3F1D49A84C00374C89 /* staffOC.app */ = {isa = PBXFileReference; explicitFileType = wrapper.application; includeInIndex = 0; path = staffOC.app; sourceTree = BUILT_PRODUCTS_DIR; };
		1C087E431D49A84C00374C89 /* main.m */ = {isa = PBXFileReference; lastKnownFileType = sourcecode.c.objc; path = main.m; sourceTree = "<group>"; };
		1C087E451D49A84C00374C89 /* AppDelegate.h */ = {isa = PBXFileReference; lastKnownFileType = sourcecode.c.h; path = AppDelegate.h; sourceTree = "<group>"; };
		1C087E461D49A84C00374C89 /* AppDelegate.m */ = {isa = PBXFileReference; lastKnownFileType = sourcecode.c.objc; path = AppDelegate.m; sourceTree = "<group>"; };
		1C087E4C1D49A84C00374C89 /* Base */ = {isa = PBXFileReference; lastKnownFileType = file.storyboard; name = Base; path = Base.lproj/Main.storyboard; sourceTree = "<group>"; };
		1C087E4E1D49A84C00374C89 /* Assets.xcassets */ = {isa = PBXFileReference; lastKnownFileType = folder.assetcatalog; path = Assets.xcassets; sourceTree = "<group>"; };
		1C087E511D49A84C00374C89 /* Base */ = {isa = PBXFileReference; lastKnownFileType = file.storyboard; name = Base; path = Base.lproj/LaunchScreen.storyboard; sourceTree = "<group>"; };
		1C087E531D49A84C00374C89 /* Info.plist */ = {isa = PBXFileReference; lastKnownFileType = text.plist.xml; path = Info.plist; sourceTree = "<group>"; };
		1C087E581D49A84C00374C89 /* staffOCTests.xctest */ = {isa = PBXFileReference; explicitFileType = wrapper.cfbundle; includeInIndex = 0; path = staffOCTests.xctest; sourceTree = BUILT_PRODUCTS_DIR; };
		1C087E5C1D49A84C00374C89 /* staffOCTests.m */ = {isa = PBXFileReference; lastKnownFileType = sourcecode.c.objc; path = staffOCTests.m; sourceTree = "<group>"; };
		1C087E5E1D49A84C00374C89 /* Info.plist */ = {isa = PBXFileReference; lastKnownFileType = text.plist.xml; path = Info.plist; sourceTree = "<group>"; };
		1C087E631D49A84C00374C89 /* staffOCUITests.xctest */ = {isa = PBXFileReference; explicitFileType = wrapper.cfbundle; includeInIndex = 0; path = staffOCUITests.xctest; sourceTree = BUILT_PRODUCTS_DIR; };
		1C087E671D49A84C00374C89 /* staffOCUITests.m */ = {isa = PBXFileReference; lastKnownFileType = sourcecode.c.objc; path = staffOCUITests.m; sourceTree = "<group>"; };
		1C087E691D49A84C00374C89 /* Info.plist */ = {isa = PBXFileReference; lastKnownFileType = text.plist.xml; path = Info.plist; sourceTree = "<group>"; };
		1C087E761D49A92100374C89 /* blocks.h */ = {isa = PBXFileReference; fileEncoding = 4; lastKnownFileType = sourcecode.c.h; path = blocks.h; sourceTree = "<group>"; };
		1C087E771D49A92100374C89 /* Definition.h */ = {isa = PBXFileReference; fileEncoding = 4; lastKnownFileType = sourcecode.c.h; path = Definition.h; sourceTree = "<group>"; };
		1C087E781D49A92100374C89 /* enums.h */ = {isa = PBXFileReference; fileEncoding = 4; lastKnownFileType = sourcecode.c.h; path = enums.h; sourceTree = "<group>"; };
		1C087E791D49A92100374C89 /* GBApi.h */ = {isa = PBXFileReference; fileEncoding = 4; lastKnownFileType = sourcecode.c.h; path = GBApi.h; sourceTree = "<group>"; };
		1C087E7A1D49A92100374C89 /* GBApi.m */ = {isa = PBXFileReference; fileEncoding = 4; lastKnownFileType = sourcecode.c.objc; path = GBApi.m; sourceTree = "<group>"; };
		1C087E7B1D49A92100374C89 /* GBManager.h */ = {isa = PBXFileReference; fileEncoding = 4; lastKnownFileType = sourcecode.c.h; path = GBManager.h; sourceTree = "<group>"; };
		1C087E7C1D49A92100374C89 /* GBManager.m */ = {isa = PBXFileReference; fileEncoding = 4; lastKnownFileType = sourcecode.c.objc; path = GBManager.m; sourceTree = "<group>"; };
		1C087E7D1D49A92100374C89 /* links.h */ = {isa = PBXFileReference; fileEncoding = 4; lastKnownFileType = sourcecode.c.h; path = links.h; sourceTree = "<group>"; };
		1C087E7E1D49A92100374C89 /* notifications.h */ = {isa = PBXFileReference; fileEncoding = 4; lastKnownFileType = sourcecode.c.h; path = notifications.h; sourceTree = "<group>"; };
		1C087E821D49AB2400374C89 /* MainMenuViewController.h */ = {isa = PBXFileReference; fileEncoding = 4; lastKnownFileType = sourcecode.c.h; path = MainMenuViewController.h; sourceTree = "<group>"; };
		1C087E831D49AB2400374C89 /* MainMenuViewController.m */ = {isa = PBXFileReference; fileEncoding = 4; lastKnownFileType = sourcecode.c.objc; path = MainMenuViewController.m; sourceTree = "<group>"; };
		1C087E851D49AC3500374C89 /* HomePageViewController.h */ = {isa = PBXFileReference; fileEncoding = 4; lastKnownFileType = sourcecode.c.h; path = HomePageViewController.h; sourceTree = "<group>"; };
		1C087E861D49AC3500374C89 /* HomePageViewController.m */ = {isa = PBXFileReference; fileEncoding = 4; lastKnownFileType = sourcecode.c.objc; path = HomePageViewController.m; sourceTree = "<group>"; };
		1C087E881D49AC5C00374C89 /* BaseViewController.h */ = {isa = PBXFileReference; fileEncoding = 4; lastKnownFileType = sourcecode.c.h; path = BaseViewController.h; sourceTree = "<group>"; };
		1C087E891D49AC5C00374C89 /* BaseViewController.m */ = {isa = PBXFileReference; fileEncoding = 4; lastKnownFileType = sourcecode.c.objc; path = BaseViewController.m; sourceTree = "<group>"; };
		1C087E8C1D49CD9200374C89 /* Zjson.h */ = {isa = PBXFileReference; fileEncoding = 4; lastKnownFileType = sourcecode.c.h; path = Zjson.h; sourceTree = "<group>"; };
		1C087E8D1D49CD9200374C89 /* Zjson.m */ = {isa = PBXFileReference; fileEncoding = 4; lastKnownFileType = sourcecode.c.objc; path = Zjson.m; sourceTree = "<group>"; };
		1C087E931D4A04E900374C89 /* ProjectModel.h */ = {isa = PBXFileReference; fileEncoding = 4; lastKnownFileType = sourcecode.c.h; path = ProjectModel.h; sourceTree = "<group>"; };
		1C087E941D4A04E900374C89 /* ProjectModel.m */ = {isa = PBXFileReference; fileEncoding = 4; lastKnownFileType = sourcecode.c.objc; path = ProjectModel.m; sourceTree = "<group>"; };
		1C087E971D4A07B600374C89 /* HomePageCell.h */ = {isa = PBXFileReference; fileEncoding = 4; lastKnownFileType = sourcecode.c.h; path = HomePageCell.h; sourceTree = "<group>"; };
		1C087E981D4A07B600374C89 /* HomePageCell.m */ = {isa = PBXFileReference; fileEncoding = 4; lastKnownFileType = sourcecode.c.objc; path = HomePageCell.m; sourceTree = "<group>"; };
		1C087E9A1D4A08C700374C89 /* UITableView+Extension.h */ = {isa = PBXFileReference; fileEncoding = 4; lastKnownFileType = sourcecode.c.h; path = "UITableView+Extension.h"; sourceTree = "<group>"; };
		1C087E9B1D4A08C700374C89 /* UITableView+Extension.m */ = {isa = PBXFileReference; fileEncoding = 4; lastKnownFileType = sourcecode.c.objc; path = "UITableView+Extension.m"; sourceTree = "<group>"; };
		1C38C6AF1D65BAC700DC6E22 /* Manager.h */ = {isa = PBXFileReference; fileEncoding = 4; lastKnownFileType = sourcecode.c.h; path = Manager.h; sourceTree = "<group>"; };
		1C38C6B01D65BAC700DC6E22 /* Manager.m */ = {isa = PBXFileReference; fileEncoding = 4; lastKnownFileType = sourcecode.c.objc; path = Manager.m; sourceTree = "<group>"; };
		8749636AF6CB021974CBBF7A /* Pods.debug.xcconfig */ = {isa = PBXFileReference; includeInIndex = 1; lastKnownFileType = text.xcconfig; name = Pods.debug.xcconfig; path = "Pods/Target Support Files/Pods/Pods.debug.xcconfig"; sourceTree = "<group>"; };
		8E7EDFA9569D5903FA553F2E /* Pods.release.xcconfig */ = {isa = PBXFileReference; includeInIndex = 1; lastKnownFileType = text.xcconfig; name = Pods.release.xcconfig; path = "Pods/Target Support Files/Pods/Pods.release.xcconfig"; sourceTree = "<group>"; };
		EC93C93EF50D6405A8A17BFB /* libPods.a */ = {isa = PBXFileReference; explicitFileType = archive.ar; includeInIndex = 0; path = libPods.a; sourceTree = BUILT_PRODUCTS_DIR; };
/* End PBXFileReference section */

/* Begin PBXFrameworksBuildPhase section */
		1C087E3C1D49A84C00374C89 /* Frameworks */ = {
			isa = PBXFrameworksBuildPhase;
			buildActionMask = 2147483647;
			files = (
				7353D05B8AB4F98DFE14A7F7 /* libPods.a in Frameworks */,
			);
			runOnlyForDeploymentPostprocessing = 0;
		};
		1C087E551D49A84C00374C89 /* Frameworks */ = {
			isa = PBXFrameworksBuildPhase;
			buildActionMask = 2147483647;
			files = (
			);
			runOnlyForDeploymentPostprocessing = 0;
		};
		1C087E601D49A84C00374C89 /* Frameworks */ = {
			isa = PBXFrameworksBuildPhase;
			buildActionMask = 2147483647;
			files = (
			);
			runOnlyForDeploymentPostprocessing = 0;
		};
/* End PBXFrameworksBuildPhase section */

/* Begin PBXGroup section */
		1ADFE3332ED7948054A8534B /* Frameworks */ = {
			isa = PBXGroup;
			children = (
				EC93C93EF50D6405A8A17BFB /* libPods.a */,
			);
			name = Frameworks;
			sourceTree = "<group>";
		};
		1C087E361D49A84C00374C89 = {
			isa = PBXGroup;
			children = (
				1C087E411D49A84C00374C89 /* staffOC */,
				1C087E5B1D49A84C00374C89 /* staffOCTests */,
				1C087E661D49A84C00374C89 /* staffOCUITests */,
				1C087E401D49A84C00374C89 /* Products */,
				580D9687F1893199C55FE4F4 /* Pods */,
				1ADFE3332ED7948054A8534B /* Frameworks */,
			);
			sourceTree = "<group>";
		};
		1C087E401D49A84C00374C89 /* Products */ = {
			isa = PBXGroup;
			children = (
				1C087E3F1D49A84C00374C89 /* staffOC.app */,
				1C087E581D49A84C00374C89 /* staffOCTests.xctest */,
				1C087E631D49A84C00374C89 /* staffOCUITests.xctest */,
			);
			name = Products;
			sourceTree = "<group>";
		};
		1C087E411D49A84C00374C89 /* staffOC */ = {
			isa = PBXGroup;
			children = (
				1C087E9D1D4A093400374C89 /* config */,
				1C087E961D4A07A800374C89 /* cell */,
				1C087E8F1D49D0A700374C89 /* extention */,
				1C087E8B1D49CD5900374C89 /* model */,
				1C087E811D49A98800374C89 /* controller */,
				1C087E751D49A90800374C89 /* manager */,
				1C087E451D49A84C00374C89 /* AppDelegate.h */,
				1C087E461D49A84C00374C89 /* AppDelegate.m */,
				1C087E4B1D49A84C00374C89 /* Main.storyboard */,
				1C087E4E1D49A84C00374C89 /* Assets.xcassets */,
				1C087E501D49A84C00374C89 /* LaunchScreen.storyboard */,
				1C087E531D49A84C00374C89 /* Info.plist */,
				1C087E421D49A84C00374C89 /* Supporting Files */,
			);
			path = staffOC;
			sourceTree = "<group>";
		};
		1C087E421D49A84C00374C89 /* Supporting Files */ = {
			isa = PBXGroup;
			children = (
				1C087E431D49A84C00374C89 /* main.m */,
			);
			name = "Supporting Files";
			sourceTree = "<group>";
		};
		1C087E5B1D49A84C00374C89 /* staffOCTests */ = {
			isa = PBXGroup;
			children = (
				1C087E5C1D49A84C00374C89 /* staffOCTests.m */,
				1C087E5E1D49A84C00374C89 /* Info.plist */,
			);
			path = staffOCTests;
			sourceTree = "<group>";
		};
		1C087E661D49A84C00374C89 /* staffOCUITests */ = {
			isa = PBXGroup;
			children = (
				1C087E671D49A84C00374C89 /* staffOCUITests.m */,
				1C087E691D49A84C00374C89 /* Info.plist */,
			);
			path = staffOCUITests;
			sourceTree = "<group>";
		};
		1C087E751D49A90800374C89 /* manager */ = {
			isa = PBXGroup;
			children = (
				1C087E761D49A92100374C89 /* blocks.h */,
				1C087E771D49A92100374C89 /* Definition.h */,
				1C087E781D49A92100374C89 /* enums.h */,
				1C087E791D49A92100374C89 /* GBApi.h */,
				1C087E7A1D49A92100374C89 /* GBApi.m */,
				1C087E7B1D49A92100374C89 /* GBManager.h */,
				1C087E7C1D49A92100374C89 /* GBManager.m */,
				1C087E7D1D49A92100374C89 /* links.h */,
				1C087E7E1D49A92100374C89 /* notifications.h */,
				1C38C6AF1D65BAC700DC6E22 /* Manager.h */,
				1C38C6B01D65BAC700DC6E22 /* Manager.m */,
			);
			path = manager;
			sourceTree = "<group>";
		};
		1C087E811D49A98800374C89 /* controller */ = {
			isa = PBXGroup;
			children = (
				1C087E821D49AB2400374C89 /* MainMenuViewController.h */,
				1C087E831D49AB2400374C89 /* MainMenuViewController.m */,
				1C087E851D49AC3500374C89 /* HomePageViewController.h */,
				1C087E861D49AC3500374C89 /* HomePageViewController.m */,
				1C087E881D49AC5C00374C89 /* BaseViewController.h */,
				1C087E891D49AC5C00374C89 /* BaseViewController.m */,
			);
			path = controller;
			sourceTree = "<group>";
		};
		1C087E8B1D49CD5900374C89 /* model */ = {
			isa = PBXGroup;
			children = (
				1C087E8C1D49CD9200374C89 /* Zjson.h */,
				1C087E8D1D49CD9200374C89 /* Zjson.m */,
				1C087E931D4A04E900374C89 /* ProjectModel.h */,
				1C087E941D4A04E900374C89 /* ProjectModel.m */,
			);
			path = model;
			sourceTree = "<group>";
		};
		1C087E8F1D49D0A700374C89 /* extention */ = {
			isa = PBXGroup;
			children = (
				1C087E9A1D4A08C700374C89 /* UITableView+Extension.h */,
				1C087E9B1D4A08C700374C89 /* UITableView+Extension.m */,
			);
			path = extention;
			sourceTree = "<group>";
		};
		1C087E961D4A07A800374C89 /* cell */ = {
			isa = PBXGroup;
			children = (
				1C087E971D4A07B600374C89 /* HomePageCell.h */,
				1C087E981D4A07B600374C89 /* HomePageCell.m */,
			);
			path = cell;
			sourceTree = "<group>";
		};
		1C087E9D1D4A093400374C89 /* config */ = {
			isa = PBXGroup;
			children = (
			);
			path = config;
			sourceTree = "<group>";
		};
		580D9687F1893199C55FE4F4 /* Pods */ = {
			isa = PBXGroup;
			children = (
				8749636AF6CB021974CBBF7A /* Pods.debug.xcconfig */,
				8E7EDFA9569D5903FA553F2E /* Pods.release.xcconfig */,
			);
			name = Pods;
			sourceTree = "<group>";
		};
/* End PBXGroup section */

/* Begin PBXNativeTarget section */
		1C087E3E1D49A84C00374C89 /* staffOC */ = {
			isa = PBXNativeTarget;
			buildConfigurationList = 1C087E6C1D49A84C00374C89 /* Build configuration list for PBXNativeTarget "staffOC" */;
			buildPhases = (
				9B389D9A98E2608D6175D499 /* Check Pods Manifest.lock */,
				1C087E3B1D49A84C00374C89 /* Sources */,
				1C087E3C1D49A84C00374C89 /* Frameworks */,
				1C087E3D1D49A84C00374C89 /* Resources */,
				FAFE07754EA0FEB8BCBBE590 /* Copy Pods Resources */,
			);
			buildRules = (
			);
			dependencies = (
			);
			name = staffOC;
			productName = staffOC;
			productReference = 1C087E3F1D49A84C00374C89 /* staffOC.app */;
			productType = "com.apple.product-type.application";
		};
		1C087E571D49A84C00374C89 /* staffOCTests */ = {
			isa = PBXNativeTarget;
			buildConfigurationList = 1C087E6F1D49A84C00374C89 /* Build configuration list for PBXNativeTarget "staffOCTests" */;
			buildPhases = (
				1C087E541D49A84C00374C89 /* Sources */,
				1C087E551D49A84C00374C89 /* Frameworks */,
				1C087E561D49A84C00374C89 /* Resources */,
			);
			buildRules = (
			);
			dependencies = (
				1C087E5A1D49A84C00374C89 /* PBXTargetDependency */,
			);
			name = staffOCTests;
			productName = staffOCTests;
			productReference = 1C087E581D49A84C00374C89 /* staffOCTests.xctest */;
			productType = "com.apple.product-type.bundle.unit-test";
		};
		1C087E621D49A84C00374C89 /* staffOCUITests */ = {
			isa = PBXNativeTarget;
			buildConfigurationList = 1C087E721D49A84C00374C89 /* Build configuration list for PBXNativeTarget "staffOCUITests" */;
			buildPhases = (
				1C087E5F1D49A84C00374C89 /* Sources */,
				1C087E601D49A84C00374C89 /* Frameworks */,
				1C087E611D49A84C00374C89 /* Resources */,
			);
			buildRules = (
			);
			dependencies = (
				1C087E651D49A84C00374C89 /* PBXTargetDependency */,
			);
			name = staffOCUITests;
			productName = staffOCUITests;
			productReference = 1C087E631D49A84C00374C89 /* staffOCUITests.xctest */;
			productType = "com.apple.product-type.bundle.ui-testing";
		};
/* End PBXNativeTarget section */

/* Begin PBXProject section */
		1C087E371D49A84C00374C89 /* Project object */ = {
			isa = PBXProject;
			attributes = {
				LastUpgradeCheck = 0730;
				ORGANIZATIONNAME = zm004;
				TargetAttributes = {
					1C087E3E1D49A84C00374C89 = {
						CreatedOnToolsVersion = 7.3.1;
					};
					1C087E571D49A84C00374C89 = {
						CreatedOnToolsVersion = 7.3.1;
						TestTargetID = 1C087E3E1D49A84C00374C89;
					};
					1C087E621D49A84C00374C89 = {
						CreatedOnToolsVersion = 7.3.1;
						TestTargetID = 1C087E3E1D49A84C00374C89;
					};
				};
			};
			buildConfigurationList = 1C087E3A1D49A84C00374C89 /* Build configuration list for PBXProject "staffOC" */;
			compatibilityVersion = "Xcode 3.2";
			developmentRegion = English;
			hasScannedForEncodings = 0;
			knownRegions = (
				en,
				Base,
			);
			mainGroup = 1C087E361D49A84C00374C89;
			productRefGroup = 1C087E401D49A84C00374C89 /* Products */;
			projectDirPath = "";
			projectRoot = "";
			targets = (
				1C087E3E1D49A84C00374C89 /* staffOC */,
				1C087E571D49A84C00374C89 /* staffOCTests */,
				1C087E621D49A84C00374C89 /* staffOCUITests */,
			);
		};
/* End PBXProject section */

/* Begin PBXResourcesBuildPhase section */
		1C087E3D1D49A84C00374C89 /* Resources */ = {
			isa = PBXResourcesBuildPhase;
			buildActionMask = 2147483647;
			files = (
				1C087E521D49A84C00374C89 /* LaunchScreen.storyboard in Resources */,
				1C087E4F1D49A84C00374C89 /* Assets.xcassets in Resources */,
				1C087E4D1D49A84C00374C89 /* Main.storyboard in Resources */,
			);
			runOnlyForDeploymentPostprocessing = 0;
		};
		1C087E561D49A84C00374C89 /* Resources */ = {
			isa = PBXResourcesBuildPhase;
			buildActionMask = 2147483647;
			files = (
			);
			runOnlyForDeploymentPostprocessing = 0;
		};
		1C087E611D49A84C00374C89 /* Resources */ = {
			isa = PBXResourcesBuildPhase;
			buildActionMask = 2147483647;
			files = (
			);
			runOnlyForDeploymentPostprocessing = 0;
		};
/* End PBXResourcesBuildPhase section */

/* Begin PBXShellScriptBuildPhase section */
		9B389D9A98E2608D6175D499 /* Check Pods Manifest.lock */ = {
			isa = PBXShellScriptBuildPhase;
			buildActionMask = 2147483647;
			files = (
			);
			inputPaths = (
			);
			name = "Check Pods Manifest.lock";
			outputPaths = (
			);
			runOnlyForDeploymentPostprocessing = 0;
			shellPath = /bin/sh;
			shellScript = "diff \"${PODS_ROOT}/../Podfile.lock\" \"${PODS_ROOT}/Manifest.lock\" > /dev/null\nif [[ $? != 0 ]] ; then\n    cat << EOM\nerror: The sandbox is not in sync with the Podfile.lock. Run 'pod install' or update your CocoaPods installation.\nEOM\n    exit 1\nfi\n";
			showEnvVarsInLog = 0;
		};
		FAFE07754EA0FEB8BCBBE590 /* Copy Pods Resources */ = {
			isa = PBXShellScriptBuildPhase;
			buildActionMask = 2147483647;
			files = (
			);
			inputPaths = (
			);
			name = "Copy Pods Resources";
			outputPaths = (
			);
			runOnlyForDeploymentPostprocessing = 0;
			shellPath = /bin/sh;
			shellScript = "\"${SRCROOT}/Pods/Target Support Files/Pods/Pods-resources.sh\"\n";
			showEnvVarsInLog = 0;
		};
/* End PBXShellScriptBuildPhase section */

/* Begin PBXSourcesBuildPhase section */
		1C087E3B1D49A84C00374C89 /* Sources */ = {
			isa = PBXSourcesBuildPhase;
			buildActionMask = 2147483647;
			files = (
				1C087E7F1D49A92100374C89 /* GBApi.m in Sources */,
				1C087E951D4A04E900374C89 /* ProjectModel.m in Sources */,
				1C087E471D49A84C00374C89 /* AppDelegate.m in Sources */,
				1C087E871D49AC3500374C89 /* HomePageViewController.m in Sources */,
				1C087E801D49A92100374C89 /* GBManager.m in Sources */,
				1C087E991D4A07B600374C89 /* HomePageCell.m in Sources */,
				1C087E441D49A84C00374C89 /* main.m in Sources */,
				1C38C6B11D65BAC700DC6E22 /* Manager.m in Sources */,
				1C087E8A1D49AC5C00374C89 /* BaseViewController.m in Sources */,
				1C087E9C1D4A08C700374C89 /* UITableView+Extension.m in Sources */,
				1C087E8E1D49CD9200374C89 /* Zjson.m in Sources */,
				1C087E841D49AB2400374C89 /* MainMenuViewController.m in Sources */,
			);
			runOnlyForDeploymentPostprocessing = 0;
		};
		1C087E541D49A84C00374C89 /* Sources */ = {
			isa = PBXSourcesBuildPhase;
			buildActionMask = 2147483647;
			files = (
				1C087E5D1D49A84C00374C89 /* staffOCTests.m in Sources */,
			);
			runOnlyForDeploymentPostprocessing = 0;
		};
		1C087E5F1D49A84C00374C89 /* Sources */ = {
			isa = PBXSourcesBuildPhase;
			buildActionMask = 2147483647;
			files = (
				1C087E681D49A84C00374C89 /* staffOCUITests.m in Sources */,
			);
			runOnlyForDeploymentPostprocessing = 0;
		};
/* End PBXSourcesBuildPhase section */

/* Begin PBXTargetDependency section */
		1C087E5A1D49A84C00374C89 /* PBXTargetDependency */ = {
			isa = PBXTargetDependency;
			target = 1C087E3E1D49A84C00374C89 /* staffOC */;
			targetProxy = 1C087E591D49A84C00374C89 /* PBXContainerItemProxy */;
		};
		1C087E651D49A84C00374C89 /* PBXTargetDependency */ = {
			isa = PBXTargetDependency;
			target = 1C087E3E1D49A84C00374C89 /* staffOC */;
			targetProxy = 1C087E641D49A84C00374C89 /* PBXContainerItemProxy */;
		};
/* End PBXTargetDependency section */

/* Begin PBXVariantGroup section */
		1C087E4B1D49A84C00374C89 /* Main.storyboard */ = {
			isa = PBXVariantGroup;
			children = (
				1C087E4C1D49A84C00374C89 /* Base */,
			);
			name = Main.storyboard;
			sourceTree = "<group>";
		};
		1C087E501D49A84C00374C89 /* LaunchScreen.storyboard */ = {
			isa = PBXVariantGroup;
			children = (
				1C087E511D49A84C00374C89 /* Base */,
			);
			name = LaunchScreen.storyboard;
			sourceTree = "<group>";
		};
/* End PBXVariantGroup section */

/* Begin XCBuildConfiguration section */
		1C087E6A1D49A84C00374C89 /* Debug */ = {
			isa = XCBuildConfiguration;
			buildSettings = {
				ALWAYS_SEARCH_USER_PATHS = NO;
				CLANG_ANALYZER_NONNULL = YES;
				CLANG_CXX_LANGUAGE_STANDARD = "gnu++0x";
				CLANG_CXX_LIBRARY = "libc++";
				CLANG_ENABLE_MODULES = YES;
				CLANG_ENABLE_OBJC_ARC = YES;
				CLANG_WARN_BOOL_CONVERSION = YES;
				CLANG_WARN_CONSTANT_CONVERSION = YES;
				CLANG_WARN_DIRECT_OBJC_ISA_USAGE = YES_ERROR;
				CLANG_WARN_EMPTY_BODY = YES;
				CLANG_WARN_ENUM_CONVERSION = YES;
				CLANG_WARN_INT_CONVERSION = YES;
				CLANG_WARN_OBJC_ROOT_CLASS = YES_ERROR;
				CLANG_WARN_UNREACHABLE_CODE = YES;
				CLANG_WARN__DUPLICATE_METHOD_MATCH = YES;
				"CODE_SIGN_IDENTITY[sdk=iphoneos*]" = "iPhone Developer";
				COPY_PHASE_STRIP = NO;
				DEBUG_INFORMATION_FORMAT = dwarf;
				ENABLE_STRICT_OBJC_MSGSEND = YES;
				ENABLE_TESTABILITY = YES;
				GCC_C_LANGUAGE_STANDARD = gnu99;
				GCC_DYNAMIC_NO_PIC = NO;
				GCC_NO_COMMON_BLOCKS = YES;
				GCC_OPTIMIZATION_LEVEL = 0;
				GCC_PREPROCESSOR_DEFINITIONS = (
					"DEBUG=1",
					"$(inherited)",
				);
				GCC_WARN_64_TO_32_BIT_CONVERSION = YES;
				GCC_WARN_ABOUT_RETURN_TYPE = YES_ERROR;
				GCC_WARN_UNDECLARED_SELECTOR = YES;
				GCC_WARN_UNINITIALIZED_AUTOS = YES_AGGRESSIVE;
				GCC_WARN_UNUSED_FUNCTION = YES;
				GCC_WARN_UNUSED_VARIABLE = YES;
				IPHONEOS_DEPLOYMENT_TARGET = 9.3;
				MTL_ENABLE_DEBUG_INFO = YES;
				ONLY_ACTIVE_ARCH = YES;
				SDKROOT = iphoneos;
				TARGETED_DEVICE_FAMILY = "1,2";
			};
			name = Debug;
		};
		1C087E6B1D49A84C00374C89 /* Release */ = {
			isa = XCBuildConfiguration;
			buildSettings = {
				ALWAYS_SEARCH_USER_PATHS = NO;
				CLANG_ANALYZER_NONNULL = YES;
				CLANG_CXX_LANGUAGE_STANDARD = "gnu++0x";
				CLANG_CXX_LIBRARY = "libc++";
				CLANG_ENABLE_MODULES = YES;
				CLANG_ENABLE_OBJC_ARC = YES;
				CLANG_WARN_BOOL_CONVERSION = YES;
				CLANG_WARN_CONSTANT_CONVERSION = YES;
				CLANG_WARN_DIRECT_OBJC_ISA_USAGE = YES_ERROR;
				CLANG_WARN_EMPTY_BODY = YES;
				CLANG_WARN_ENUM_CONVERSION = YES;
				CLANG_WARN_INT_CONVERSION = YES;
				CLANG_WARN_OBJC_ROOT_CLASS = YES_ERROR;
				CLANG_WARN_UNREACHABLE_CODE = YES;
				CLANG_WARN__DUPLICATE_METHOD_MATCH = YES;
				"CODE_SIGN_IDENTITY[sdk=iphoneos*]" = "iPhone Developer";
				COPY_PHASE_STRIP = NO;
				DEBUG_INFORMATION_FORMAT = "dwarf-with-dsym";
				ENABLE_NS_ASSERTIONS = NO;
				ENABLE_STRICT_OBJC_MSGSEND = YES;
				GCC_C_LANGUAGE_STANDARD = gnu99;
				GCC_NO_COMMON_BLOCKS = YES;
				GCC_WARN_64_TO_32_BIT_CONVERSION = YES;
				GCC_WARN_ABOUT_RETURN_TYPE = YES_ERROR;
				GCC_WARN_UNDECLARED_SELECTOR = YES;
				GCC_WARN_UNINITIALIZED_AUTOS = YES_AGGRESSIVE;
				GCC_WARN_UNUSED_FUNCTION = YES;
				GCC_WARN_UNUSED_VARIABLE = YES;
				IPHONEOS_DEPLOYMENT_TARGET = 9.3;
				MTL_ENABLE_DEBUG_INFO = NO;
				SDKROOT = iphoneos;
				TARGETED_DEVICE_FAMILY = "1,2";
				VALIDATE_PRODUCT = YES;
			};
			name = Release;
		};
		1C087E6D1D49A84C00374C89 /* Debug */ = {
			isa = XCBuildConfiguration;
			baseConfigurationReference = 8749636AF6CB021974CBBF7A /* Pods.debug.xcconfig */;
			buildSettings = {
				ASSETCATALOG_COMPILER_APPICON_NAME = AppIcon;
				INFOPLIST_FILE = staffOC/Info.plist;
				LD_RUNPATH_SEARCH_PATHS = "$(inherited) @executable_path/Frameworks";
				PRODUCT_BUNDLE_IDENTIFIER = com.zmaitech.staffOC;
				PRODUCT_NAME = "$(TARGET_NAME)";
			};
			name = Debug;
		};
		1C087E6E1D49A84C00374C89 /* Release */ = {
			isa = XCBuildConfiguration;
			baseConfigurationReference = 8E7EDFA9569D5903FA553F2E /* Pods.release.xcconfig */;
			buildSettings = {
				ASSETCATALOG_COMPILER_APPICON_NAME = AppIcon;
				INFOPLIST_FILE = staffOC/Info.plist;
				LD_RUNPATH_SEARCH_PATHS = "$(inherited) @executable_path/Frameworks";
				PRODUCT_BUNDLE_IDENTIFIER = com.zmaitech.staffOC;
				PRODUCT_NAME = "$(TARGET_NAME)";
			};
			name = Release;
		};
		1C087E701D49A84C00374C89 /* Debug */ = {
			isa = XCBuildConfiguration;
			buildSettings = {
				BUNDLE_LOADER = "$(TEST_HOST)";
				INFOPLIST_FILE = staffOCTests/Info.plist;
				LD_RUNPATH_SEARCH_PATHS = "$(inherited) @executable_path/Frameworks @loader_path/Frameworks";
				PRODUCT_BUNDLE_IDENTIFIER = com.zmaitech.staffOCTests;
				PRODUCT_NAME = "$(TARGET_NAME)";
				TEST_HOST = "$(BUILT_PRODUCTS_DIR)/staffOC.app/staffOC";
			};
			name = Debug;
		};
		1C087E711D49A84C00374C89 /* Release */ = {
			isa = XCBuildConfiguration;
			buildSettings = {
				BUNDLE_LOADER = "$(TEST_HOST)";
				INFOPLIST_FILE = staffOCTests/Info.plist;
				LD_RUNPATH_SEARCH_PATHS = "$(inherited) @executable_path/Frameworks @loader_path/Frameworks";
				PRODUCT_BUNDLE_IDENTIFIER = com.zmaitech.staffOCTests;
				PRODUCT_NAME = "$(TARGET_NAME)";
				TEST_HOST = "$(BUILT_PRODUCTS_DIR)/staffOC.app/staffOC";
			};
			name = Release;
		};
		1C087E731D49A84C00374C89 /* Debug */ = {
			isa = XCBuildConfiguration;
			buildSettings = {
				INFOPLIST_FILE = staffOCUITests/Info.plist;
				LD_RUNPATH_SEARCH_PATHS = "$(inherited) @executable_path/Frameworks @loader_path/Frameworks";
				PRODUCT_BUNDLE_IDENTIFIER = com.zmaitech.staffOCUITests;
				PRODUCT_NAME = "$(TARGET_NAME)";
				TEST_TARGET_NAME = staffOC;
			};
			name = Debug;
		};
		1C087E741D49A84C00374C89 /* Release */ = {
			isa = XCBuildConfiguration;
			buildSettings = {
				INFOPLIST_FILE = staffOCUITests/Info.plist;
				LD_RUNPATH_SEARCH_PATHS = "$(inherited) @executable_path/Frameworks @loader_path/Frameworks";
				PRODUCT_BUNDLE_IDENTIFIER = com.zmaitech.staffOCUITests;
				PRODUCT_NAME = "$(TARGET_NAME)";
				TEST_TARGET_NAME = staffOC;
			};
			name = Release;
		};
/* End XCBuildConfiguration section */

/* Begin XCConfigurationList section */
		1C087E3A1D49A84C00374C89 /* Build configuration list for PBXProject "staffOC" */ = {
			isa = XCConfigurationList;
			buildConfigurations = (
				1C087E6A1D49A84C00374C89 /* Debug */,
				1C087E6B1D49A84C00374C89 /* Release */,
			);
			defaultConfigurationIsVisible = 0;
			defaultConfigurationName = Release;
		};
		1C087E6C1D49A84C00374C89 /* Build configuration list for PBXNativeTarget "staffOC" */ = {
			isa = XCConfigurationList;
			buildConfigurations = (
				1C087E6D1D49A84C00374C89 /* Debug */,
				1C087E6E1D49A84C00374C89 /* Release */,
			);
			defaultConfigurationIsVisible = 0;
			defaultConfigurationName = Release;
		};
		1C087E6F1D49A84C00374C89 /* Build configuration list for PBXNativeTarget "staffOCTests" */ = {
			isa = XCConfigurationList;
			buildConfigurations = (
				1C087E701D49A84C00374C89 /* Debug */,
				1C087E711D49A84C00374C89 /* Release */,
			);
			defaultConfigurationIsVisible = 0;
			defaultConfigurationName = Release;
		};
		1C087E721D49A84C00374C89 /* Build configuration list for PBXNativeTarget "staffOCUITests" */ = {
			isa = XCConfigurationList;
			buildConfigurations = (
				1C087E731D49A84C00374C89 /* Debug */,
				1C087E741D49A84C00374C89 /* Release */,
			);
			defaultConfigurationIsVisible = 0;
			defaultConfigurationName = Release;
		};
/* End XCConfigurationList section */
	};
	rootObject = 1C087E371D49A84C00374C89 /* Project object */;
}
